
Microsoft Visual Studio Solution File, Format Version 12.00
# Visual Studio Version 16
VisualStudioVersion = 16.0.31005.135
MinimumVisualStudioVersion = 10.0.40219.1
Project("{FAE04EC0-301F-11D3-BF4B-00C04F79EFBC}") = "Enumerable", "Enumerable\Enumerable.csproj", "{5FB178D6-CDC1-4DB7-A66F-88139450FD3C}"
EndProject
Global
	GlobalSection(SolutionConfigurationPlatforms) = preSolution
		Debug|Any CPU = Debug|Any CPU
		Release|Any CPU = Release|Any CPU
	EndGlobalSection
	GlobalSection(ProjectConfigurationPlatforms) = postSolution
		{5FB178D6-CDC1-4DB7-A66F-88139450FD3C}.Debug|Any CPU.ActiveCfg = Debug|Any CPU
		{5FB178D6-CDC1-4DB7-A66F-88139450FD3C}.Debug|Any CPU.Build.0 = Debug|Any CPU
		{5FB178D6-CDC1-4DB7-A66F-88139450FD3C}.Release|Any CPU.ActiveCfg = Release|Any CPU
		{5FB178D6-CDC1-4DB7-A66F-88139450FD3C}.Release|Any CPU.Build.0 = Release|Any CPU
	EndGlobalSection
	GlobalSection(SolutionProperties) = preSolution
		HideSolutionNode = FALSE
	EndGlobalSection
	GlobalSection(ExtensibilityGlobals) = postSolution
		SolutionGuid = {895EA3BE-88C3-476A-A472-F7D8D999052B}
	EndGlobalSection
EndGlobal
