
Microsoft Visual Studio Solution File, Format Version 12.00
# Visual Studio Version 16
VisualStudioVersion = 16.0.31005.135
MinimumVisualStudioVersion = 10.0.40219.1
Project("{FAE04EC0-301F-11D3-BF4B-00C04F79EFBC}") = "Exercicio9", "Exercicio9.csproj", "{19874B49-1C91-4F3A-8A7B-835BA5A3F734}"
EndProject
Global
	GlobalSection(SolutionConfigurationPlatforms) = preSolution
		Debug|Any CPU = Debug|Any CPU
		Release|Any CPU = Release|Any CPU
	EndGlobalSection
	GlobalSection(ProjectConfigurationPlatforms) = postSolution
		{19874B49-1C91-4F3A-8A7B-835BA5A3F734}.Debug|Any CPU.ActiveCfg = Debug|Any CPU
		{19874B49-1C91-4F3A-8A7B-835BA5A3F734}.Debug|Any CPU.Build.0 = Debug|Any CPU
		{19874B49-1C91-4F3A-8A7B-835BA5A3F734}.Release|Any CPU.ActiveCfg = Release|Any CPU
		{19874B49-1C91-4F3A-8A7B-835BA5A3F734}.Release|Any CPU.Build.0 = Release|Any CPU
	EndGlobalSection
	GlobalSection(SolutionProperties) = preSolution
		HideSolutionNode = FALSE
	EndGlobalSection
	GlobalSection(ExtensibilityGlobals) = postSolution
		SolutionGuid = {49D2356E-B71A-4F0F-94FB-819A681D9E4E}
	EndGlobalSection
EndGlobal
