
Microsoft Visual Studio Solution File, Format Version 12.00
# Visual Studio Version 16
VisualStudioVersion = 16.0.31005.135
MinimumVisualStudioVersion = 10.0.40219.1
Project("{FAE04EC0-301F-11D3-BF4B-00C04F79EFBC}") = "Exercicio7", "Exercicio7.csproj", "{C6C7DAE0-6412-4BC2-95F6-9BC207309A7B}"
EndProject
Global
	GlobalSection(SolutionConfigurationPlatforms) = preSolution
		Debug|Any CPU = Debug|Any CPU
		Release|Any CPU = Release|Any CPU
	EndGlobalSection
	GlobalSection(ProjectConfigurationPlatforms) = postSolution
		{C6C7DAE0-6412-4BC2-95F6-9BC207309A7B}.Debug|Any CPU.ActiveCfg = Debug|Any CPU
		{C6C7DAE0-6412-4BC2-95F6-9BC207309A7B}.Debug|Any CPU.Build.0 = Debug|Any CPU
		{C6C7DAE0-6412-4BC2-95F6-9BC207309A7B}.Release|Any CPU.ActiveCfg = Release|Any CPU
		{C6C7DAE0-6412-4BC2-95F6-9BC207309A7B}.Release|Any CPU.Build.0 = Release|Any CPU
	EndGlobalSection
	GlobalSection(SolutionProperties) = preSolution
		HideSolutionNode = FALSE
	EndGlobalSection
	GlobalSection(ExtensibilityGlobals) = postSolution
		SolutionGuid = {56ED0C0E-E33A-4087-A04F-03AC54CD5E17}
	EndGlobalSection
EndGlobal
